
Microsoft Visual Studio Solution File, Format Version 12.00
# Visual Studio Version 17
VisualStudioVersion = 17.9.34728.123
MinimumVisualStudioVersion = 10.0.40219.1
Project("{8BC9CEB8-8B4A-11D0-8D11-00A0C91BC942}") = "Program", "Program.vcxproj", "{2710CC78-56F9-4F2E-8898-490DF9C1C903}"
EndProject
Project("{8BC9CEB8-8B4A-11D0-8D11-00A0C91BC942}") = "Class1th (Single Linked List)", "..\Class1th (Single Linked List)\Class1th (Single Linked List).vcxproj", "{566B9231-0312-4C89-AC8A-58195AE2092D}"
EndProject
Project("{8BC9CEB8-8B4A-11D0-8D11-00A0C91BC942}") = "Class2th (Double Linked List)", "..\Class2th (Double Linked List)\Class2th (Double Linked List).vcxproj", "{90F5F6A4-CECA-4AF7-82BE-E243A521E1E7}"
EndProject
Project("{8BC9CEB8-8B4A-11D0-8D11-00A0C91BC942}") = "Class3th (Circle Linked List)", "..\Class3th (Circle Linked List)\Class3th (Circle Linked List).vcxproj", "{930E7456-06E3-45A5-BE05-37D08A6515C6}"
EndProject
Project("{8BC9CEB8-8B4A-11D0-8D11-00A0C91BC942}") = "Class4th (Vector)", "..\Class4th (Vector)\Class4th (Vector).vcxproj", "{3CD76B38-7FC1-4209-83B8-667993FBA7AE}"
EndProject
Project("{8BC9CEB8-8B4A-11D0-8D11-00A0C91BC942}") = "Class5th (Stack)", "..\Class5th (Stack)\Class5th (Stack).vcxproj", "{54CAF0B5-40E3-4F85-A3BB-A2446B7F188A}"
EndProject
Project("{8BC9CEB8-8B4A-11D0-8D11-00A0C91BC942}") = "Class6th (Linear Queue)", "..\Class6th (Linear Queue)\Class6th (Linear Queue).vcxproj", "{C6B05E75-81EE-4B08-859D-07C8504948B0}"
EndProject
Project("{8BC9CEB8-8B4A-11D0-8D11-00A0C91BC942}") = "Class7th (Circle Queue)", "..\Class7th (Circle Queue)\Class7th (Circle Queue).vcxproj", "{B803249D-B897-4970-983F-A175B452DD5F}"
EndProject
Project("{8BC9CEB8-8B4A-11D0-8D11-00A0C91BC942}") = "Class8th (Priority Queue)", "..\Class8th (Priority Queue)\Class8th (Priority Queue).vcxproj", "{C9460635-07DB-4DF1-BB44-AFA7B7BD1538}"
EndProject
Project("{8BC9CEB8-8B4A-11D0-8D11-00A0C91BC942}") = "Class9th (Hash Table)", "..\Class9th (Hash Table)\Class9th (Hash Table).vcxproj", "{978B76B2-E09F-47D9-95E5-E2BF7DF55AA1}"
EndProject
Project("{8BC9CEB8-8B4A-11D0-8D11-00A0C91BC942}") = "Class10th (Adjacency Matrix)", "..\Class10th (Adjacency Matrix)\Class10th (Adjacency Matrix).vcxproj", "{54922171-F178-4C1C-B92C-D52D1F0CA21C}"
EndProject
Global
	GlobalSection(SolutionConfigurationPlatforms) = preSolution
		Debug|x64 = Debug|x64
		Debug|x86 = Debug|x86
		Release|x64 = Release|x64
		Release|x86 = Release|x86
	EndGlobalSection
	GlobalSection(ProjectConfigurationPlatforms) = postSolution
		{2710CC78-56F9-4F2E-8898-490DF9C1C903}.Debug|x64.ActiveCfg = Debug|x64
		{2710CC78-56F9-4F2E-8898-490DF9C1C903}.Debug|x64.Build.0 = Debug|x64
		{2710CC78-56F9-4F2E-8898-490DF9C1C903}.Debug|x86.ActiveCfg = Debug|Win32
		{2710CC78-56F9-4F2E-8898-490DF9C1C903}.Debug|x86.Build.0 = Debug|Win32
		{2710CC78-56F9-4F2E-8898-490DF9C1C903}.Release|x64.ActiveCfg = Release|x64
		{2710CC78-56F9-4F2E-8898-490DF9C1C903}.Release|x64.Build.0 = Release|x64
		{2710CC78-56F9-4F2E-8898-490DF9C1C903}.Release|x86.ActiveCfg = Release|Win32
		{2710CC78-56F9-4F2E-8898-490DF9C1C903}.Release|x86.Build.0 = Release|Win32
		{566B9231-0312-4C89-AC8A-58195AE2092D}.Debug|x64.ActiveCfg = Debug|x64
		{566B9231-0312-4C89-AC8A-58195AE2092D}.Debug|x64.Build.0 = Debug|x64
		{566B9231-0312-4C89-AC8A-58195AE2092D}.Debug|x86.ActiveCfg = Debug|Win32
		{566B9231-0312-4C89-AC8A-58195AE2092D}.Debug|x86.Build.0 = Debug|Win32
		{566B9231-0312-4C89-AC8A-58195AE2092D}.Release|x64.ActiveCfg = Release|x64
		{566B9231-0312-4C89-AC8A-58195AE2092D}.Release|x64.Build.0 = Release|x64
		{566B9231-0312-4C89-AC8A-58195AE2092D}.Release|x86.ActiveCfg = Release|Win32
		{566B9231-0312-4C89-AC8A-58195AE2092D}.Release|x86.Build.0 = Release|Win32
		{90F5F6A4-CECA-4AF7-82BE-E243A521E1E7}.Debug|x64.ActiveCfg = Debug|x64
		{90F5F6A4-CECA-4AF7-82BE-E243A521E1E7}.Debug|x64.Build.0 = Debug|x64
		{90F5F6A4-CECA-4AF7-82BE-E243A521E1E7}.Debug|x86.ActiveCfg = Debug|Win32
		{90F5F6A4-CECA-4AF7-82BE-E243A521E1E7}.Debug|x86.Build.0 = Debug|Win32
		{90F5F6A4-CECA-4AF7-82BE-E243A521E1E7}.Release|x64.ActiveCfg = Release|x64
		{90F5F6A4-CECA-4AF7-82BE-E243A521E1E7}.Release|x64.Build.0 = Release|x64
		{90F5F6A4-CECA-4AF7-82BE-E243A521E1E7}.Release|x86.ActiveCfg = Release|Win32
		{90F5F6A4-CECA-4AF7-82BE-E243A521E1E7}.Release|x86.Build.0 = Release|Win32
		{930E7456-06E3-45A5-BE05-37D08A6515C6}.Debug|x64.ActiveCfg = Debug|x64
		{930E7456-06E3-45A5-BE05-37D08A6515C6}.Debug|x64.Build.0 = Debug|x64
		{930E7456-06E3-45A5-BE05-37D08A6515C6}.Debug|x86.ActiveCfg = Debug|Win32
		{930E7456-06E3-45A5-BE05-37D08A6515C6}.Debug|x86.Build.0 = Debug|Win32
		{930E7456-06E3-45A5-BE05-37D08A6515C6}.Release|x64.ActiveCfg = Release|x64
		{930E7456-06E3-45A5-BE05-37D08A6515C6}.Release|x64.Build.0 = Release|x64
		{930E7456-06E3-45A5-BE05-37D08A6515C6}.Release|x86.ActiveCfg = Release|Win32
		{930E7456-06E3-45A5-BE05-37D08A6515C6}.Release|x86.Build.0 = Release|Win32
		{3CD76B38-7FC1-4209-83B8-667993FBA7AE}.Debug|x64.ActiveCfg = Debug|x64
		{3CD76B38-7FC1-4209-83B8-667993FBA7AE}.Debug|x64.Build.0 = Debug|x64
		{3CD76B38-7FC1-4209-83B8-667993FBA7AE}.Debug|x86.ActiveCfg = Debug|Win32
		{3CD76B38-7FC1-4209-83B8-667993FBA7AE}.Debug|x86.Build.0 = Debug|Win32
		{3CD76B38-7FC1-4209-83B8-667993FBA7AE}.Release|x64.ActiveCfg = Release|x64
		{3CD76B38-7FC1-4209-83B8-667993FBA7AE}.Release|x64.Build.0 = Release|x64
		{3CD76B38-7FC1-4209-83B8-667993FBA7AE}.Release|x86.ActiveCfg = Release|Win32
		{3CD76B38-7FC1-4209-83B8-667993FBA7AE}.Release|x86.Build.0 = Release|Win32
		{54CAF0B5-40E3-4F85-A3BB-A2446B7F188A}.Debug|x64.ActiveCfg = Debug|x64
		{54CAF0B5-40E3-4F85-A3BB-A2446B7F188A}.Debug|x64.Build.0 = Debug|x64
		{54CAF0B5-40E3-4F85-A3BB-A2446B7F188A}.Debug|x86.ActiveCfg = Debug|Win32
		{54CAF0B5-40E3-4F85-A3BB-A2446B7F188A}.Debug|x86.Build.0 = Debug|Win32
		{54CAF0B5-40E3-4F85-A3BB-A2446B7F188A}.Release|x64.ActiveCfg = Release|x64
		{54CAF0B5-40E3-4F85-A3BB-A2446B7F188A}.Release|x64.Build.0 = Release|x64
		{54CAF0B5-40E3-4F85-A3BB-A2446B7F188A}.Release|x86.ActiveCfg = Release|Win32
		{54CAF0B5-40E3-4F85-A3BB-A2446B7F188A}.Release|x86.Build.0 = Release|Win32
		{C6B05E75-81EE-4B08-859D-07C8504948B0}.Debug|x64.ActiveCfg = Debug|x64
		{C6B05E75-81EE-4B08-859D-07C8504948B0}.Debug|x64.Build.0 = Debug|x64
		{C6B05E75-81EE-4B08-859D-07C8504948B0}.Debug|x86.ActiveCfg = Debug|Win32
		{C6B05E75-81EE-4B08-859D-07C8504948B0}.Debug|x86.Build.0 = Debug|Win32
		{C6B05E75-81EE-4B08-859D-07C8504948B0}.Release|x64.ActiveCfg = Release|x64
		{C6B05E75-81EE-4B08-859D-07C8504948B0}.Release|x64.Build.0 = Release|x64
		{C6B05E75-81EE-4B08-859D-07C8504948B0}.Release|x86.ActiveCfg = Release|Win32
		{C6B05E75-81EE-4B08-859D-07C8504948B0}.Release|x86.Build.0 = Release|Win32
		{B803249D-B897-4970-983F-A175B452DD5F}.Debug|x64.ActiveCfg = Debug|x64
		{B803249D-B897-4970-983F-A175B452DD5F}.Debug|x64.Build.0 = Debug|x64
		{B803249D-B897-4970-983F-A175B452DD5F}.Debug|x86.ActiveCfg = Debug|Win32
		{B803249D-B897-4970-983F-A175B452DD5F}.Debug|x86.Build.0 = Debug|Win32
		{B803249D-B897-4970-983F-A175B452DD5F}.Release|x64.ActiveCfg = Release|x64
		{B803249D-B897-4970-983F-A175B452DD5F}.Release|x64.Build.0 = Release|x64
		{B803249D-B897-4970-983F-A175B452DD5F}.Release|x86.ActiveCfg = Release|Win32
		{B803249D-B897-4970-983F-A175B452DD5F}.Release|x86.Build.0 = Release|Win32
		{C9460635-07DB-4DF1-BB44-AFA7B7BD1538}.Debug|x64.ActiveCfg = Debug|x64
		{C9460635-07DB-4DF1-BB44-AFA7B7BD1538}.Debug|x64.Build.0 = Debug|x64
		{C9460635-07DB-4DF1-BB44-AFA7B7BD1538}.Debug|x86.ActiveCfg = Debug|Win32
		{C9460635-07DB-4DF1-BB44-AFA7B7BD1538}.Debug|x86.Build.0 = Debug|Win32
		{C9460635-07DB-4DF1-BB44-AFA7B7BD1538}.Release|x64.ActiveCfg = Release|x64
		{C9460635-07DB-4DF1-BB44-AFA7B7BD1538}.Release|x64.Build.0 = Release|x64
		{C9460635-07DB-4DF1-BB44-AFA7B7BD1538}.Release|x86.ActiveCfg = Release|Win32
		{C9460635-07DB-4DF1-BB44-AFA7B7BD1538}.Release|x86.Build.0 = Release|Win32
		{978B76B2-E09F-47D9-95E5-E2BF7DF55AA1}.Debug|x64.ActiveCfg = Debug|x64
		{978B76B2-E09F-47D9-95E5-E2BF7DF55AA1}.Debug|x64.Build.0 = Debug|x64
		{978B76B2-E09F-47D9-95E5-E2BF7DF55AA1}.Debug|x86.ActiveCfg = Debug|Win32
		{978B76B2-E09F-47D9-95E5-E2BF7DF55AA1}.Debug|x86.Build.0 = Debug|Win32
		{978B76B2-E09F-47D9-95E5-E2BF7DF55AA1}.Release|x64.ActiveCfg = Release|x64
		{978B76B2-E09F-47D9-95E5-E2BF7DF55AA1}.Release|x64.Build.0 = Release|x64
		{978B76B2-E09F-47D9-95E5-E2BF7DF55AA1}.Release|x86.ActiveCfg = Release|Win32
		{978B76B2-E09F-47D9-95E5-E2BF7DF55AA1}.Release|x86.Build.0 = Release|Win32
		{54922171-F178-4C1C-B92C-D52D1F0CA21C}.Debug|x64.ActiveCfg = Debug|x64
		{54922171-F178-4C1C-B92C-D52D1F0CA21C}.Debug|x64.Build.0 = Debug|x64
		{54922171-F178-4C1C-B92C-D52D1F0CA21C}.Debug|x86.ActiveCfg = Debug|Win32
		{54922171-F178-4C1C-B92C-D52D1F0CA21C}.Debug|x86.Build.0 = Debug|Win32
		{54922171-F178-4C1C-B92C-D52D1F0CA21C}.Release|x64.ActiveCfg = Release|x64
		{54922171-F178-4C1C-B92C-D52D1F0CA21C}.Release|x64.Build.0 = Release|x64
		{54922171-F178-4C1C-B92C-D52D1F0CA21C}.Release|x86.ActiveCfg = Release|Win32
		{54922171-F178-4C1C-B92C-D52D1F0CA21C}.Release|x86.Build.0 = Release|Win32
	EndGlobalSection
	GlobalSection(SolutionProperties) = preSolution
		HideSolutionNode = FALSE
	EndGlobalSection
	GlobalSection(ExtensibilityGlobals) = postSolution
		SolutionGuid = {D2CE2EA3-EFD5-4C2C-8DDC-15952EF922B6}
	EndGlobalSection
EndGlobal
