
Microsoft Visual Studio Solution File, Format Version 12.00
# Visual Studio Version 17
VisualStudioVersion = 17.9.34728.123
MinimumVisualStudioVersion = 10.0.40219.1
Project("{8BC9CEB8-8B4A-11D0-8D11-00A0C91BC942}") = "Program", "Program.vcxproj", "{56B10E9C-C15A-4C1D-ABDA-11787C040C56}"
EndProject
Project("{8BC9CEB8-8B4A-11D0-8D11-00A0C91BC942}") = "Class1th (GetAsyncKeyState)", "..\Class1th (GetAsyncKeyState)\Class1th (GetAsyncKeyState).vcxproj", "{57E01960-E09E-4CB0-A838-B386C1F2437B}"
EndProject
Project("{8BC9CEB8-8B4A-11D0-8D11-00A0C91BC942}") = "Class2th (Time)", "..\Class2th (Time)\Class2th (Time).vcxproj", "{4D40B801-60E9-4C39-9E66-2C79D0ABC183}"
EndProject
Project("{8BC9CEB8-8B4A-11D0-8D11-00A0C91BC942}") = "Class3th (Double Buffer)", "..\Class3th (Double Buffer)\Class3th (Double Buffer).vcxproj", "{363ADF80-57CA-4B0C-9E8E-8C99C9FA4611}"
EndProject
Project("{8BC9CEB8-8B4A-11D0-8D11-00A0C91BC942}") = "Class4th (Color)", "..\Class4th (Color)\Class4th (Color).vcxproj", "{D0E3D336-D8F6-4A47-B30D-0153DB198ECA}"
EndProject
Project("{8BC9CEB8-8B4A-11D0-8D11-00A0C91BC942}") = "Class5th (Two Dimensional Array)", "..\Class5th (Two Dimensional Array)\Class5th (Two Dimensional Array).vcxproj", "{3F54690B-261F-4A3D-B752-ED36C6341900}"
EndProject
Global
	GlobalSection(SolutionConfigurationPlatforms) = preSolution
		Debug|x64 = Debug|x64
		Debug|x86 = Debug|x86
		Release|x64 = Release|x64
		Release|x86 = Release|x86
	EndGlobalSection
	GlobalSection(ProjectConfigurationPlatforms) = postSolution
		{56B10E9C-C15A-4C1D-ABDA-11787C040C56}.Debug|x64.ActiveCfg = Debug|x64
		{56B10E9C-C15A-4C1D-ABDA-11787C040C56}.Debug|x64.Build.0 = Debug|x64
		{56B10E9C-C15A-4C1D-ABDA-11787C040C56}.Debug|x86.ActiveCfg = Debug|Win32
		{56B10E9C-C15A-4C1D-ABDA-11787C040C56}.Debug|x86.Build.0 = Debug|Win32
		{56B10E9C-C15A-4C1D-ABDA-11787C040C56}.Release|x64.ActiveCfg = Release|x64
		{56B10E9C-C15A-4C1D-ABDA-11787C040C56}.Release|x64.Build.0 = Release|x64
		{56B10E9C-C15A-4C1D-ABDA-11787C040C56}.Release|x86.ActiveCfg = Release|Win32
		{56B10E9C-C15A-4C1D-ABDA-11787C040C56}.Release|x86.Build.0 = Release|Win32
		{57E01960-E09E-4CB0-A838-B386C1F2437B}.Debug|x64.ActiveCfg = Debug|x64
		{57E01960-E09E-4CB0-A838-B386C1F2437B}.Debug|x64.Build.0 = Debug|x64
		{57E01960-E09E-4CB0-A838-B386C1F2437B}.Debug|x86.ActiveCfg = Debug|Win32
		{57E01960-E09E-4CB0-A838-B386C1F2437B}.Debug|x86.Build.0 = Debug|Win32
		{57E01960-E09E-4CB0-A838-B386C1F2437B}.Release|x64.ActiveCfg = Release|x64
		{57E01960-E09E-4CB0-A838-B386C1F2437B}.Release|x64.Build.0 = Release|x64
		{57E01960-E09E-4CB0-A838-B386C1F2437B}.Release|x86.ActiveCfg = Release|Win32
		{57E01960-E09E-4CB0-A838-B386C1F2437B}.Release|x86.Build.0 = Release|Win32
		{4D40B801-60E9-4C39-9E66-2C79D0ABC183}.Debug|x64.ActiveCfg = Debug|x64
		{4D40B801-60E9-4C39-9E66-2C79D0ABC183}.Debug|x64.Build.0 = Debug|x64
		{4D40B801-60E9-4C39-9E66-2C79D0ABC183}.Debug|x86.ActiveCfg = Debug|Win32
		{4D40B801-60E9-4C39-9E66-2C79D0ABC183}.Debug|x86.Build.0 = Debug|Win32
		{4D40B801-60E9-4C39-9E66-2C79D0ABC183}.Release|x64.ActiveCfg = Release|x64
		{4D40B801-60E9-4C39-9E66-2C79D0ABC183}.Release|x64.Build.0 = Release|x64
		{4D40B801-60E9-4C39-9E66-2C79D0ABC183}.Release|x86.ActiveCfg = Release|Win32
		{4D40B801-60E9-4C39-9E66-2C79D0ABC183}.Release|x86.Build.0 = Release|Win32
		{363ADF80-57CA-4B0C-9E8E-8C99C9FA4611}.Debug|x64.ActiveCfg = Debug|x64
		{363ADF80-57CA-4B0C-9E8E-8C99C9FA4611}.Debug|x64.Build.0 = Debug|x64
		{363ADF80-57CA-4B0C-9E8E-8C99C9FA4611}.Debug|x86.ActiveCfg = Debug|Win32
		{363ADF80-57CA-4B0C-9E8E-8C99C9FA4611}.Debug|x86.Build.0 = Debug|Win32
		{363ADF80-57CA-4B0C-9E8E-8C99C9FA4611}.Release|x64.ActiveCfg = Release|x64
		{363ADF80-57CA-4B0C-9E8E-8C99C9FA4611}.Release|x64.Build.0 = Release|x64
		{363ADF80-57CA-4B0C-9E8E-8C99C9FA4611}.Release|x86.ActiveCfg = Release|Win32
		{363ADF80-57CA-4B0C-9E8E-8C99C9FA4611}.Release|x86.Build.0 = Release|Win32
		{D0E3D336-D8F6-4A47-B30D-0153DB198ECA}.Debug|x64.ActiveCfg = Debug|x64
		{D0E3D336-D8F6-4A47-B30D-0153DB198ECA}.Debug|x64.Build.0 = Debug|x64
		{D0E3D336-D8F6-4A47-B30D-0153DB198ECA}.Debug|x86.ActiveCfg = Debug|Win32
		{D0E3D336-D8F6-4A47-B30D-0153DB198ECA}.Debug|x86.Build.0 = Debug|Win32
		{D0E3D336-D8F6-4A47-B30D-0153DB198ECA}.Release|x64.ActiveCfg = Release|x64
		{D0E3D336-D8F6-4A47-B30D-0153DB198ECA}.Release|x64.Build.0 = Release|x64
		{D0E3D336-D8F6-4A47-B30D-0153DB198ECA}.Release|x86.ActiveCfg = Release|Win32
		{D0E3D336-D8F6-4A47-B30D-0153DB198ECA}.Release|x86.Build.0 = Release|Win32
		{3F54690B-261F-4A3D-B752-ED36C6341900}.Debug|x64.ActiveCfg = Debug|x64
		{3F54690B-261F-4A3D-B752-ED36C6341900}.Debug|x64.Build.0 = Debug|x64
		{3F54690B-261F-4A3D-B752-ED36C6341900}.Debug|x86.ActiveCfg = Debug|Win32
		{3F54690B-261F-4A3D-B752-ED36C6341900}.Debug|x86.Build.0 = Debug|Win32
		{3F54690B-261F-4A3D-B752-ED36C6341900}.Release|x64.ActiveCfg = Release|x64
		{3F54690B-261F-4A3D-B752-ED36C6341900}.Release|x64.Build.0 = Release|x64
		{3F54690B-261F-4A3D-B752-ED36C6341900}.Release|x86.ActiveCfg = Release|Win32
		{3F54690B-261F-4A3D-B752-ED36C6341900}.Release|x86.Build.0 = Release|Win32
	EndGlobalSection
	GlobalSection(SolutionProperties) = preSolution
		HideSolutionNode = FALSE
	EndGlobalSection
	GlobalSection(ExtensibilityGlobals) = postSolution
		SolutionGuid = {BDC3F502-EE6E-4208-A340-5EDF4A31F231}
	EndGlobalSection
EndGlobal
